
Microsoft Visual Studio Solution File, Format Version 12.00
# Visual Studio Version 16
VisualStudioVersion = 16.0.31112.23
MinimumVisualStudioVersion = 10.0.40219.1
Project("{FAE04EC0-301F-11D3-BF4B-00C04F79EFBC}") = "Web Server", "Web Server\Web Server.csproj", "{8B38621E-107A-406A-B5C4-964D064EFAFA}"
EndProject
Project("{FAE04EC0-301F-11D3-BF4B-00C04F79EFBC}") = "Client GUI", "Client\Client GUI.csproj", "{3BA94CBA-CD59-46B7-AAD8-8270EF513102}"
EndProject
Project("{FAE04EC0-301F-11D3-BF4B-00C04F79EFBC}") = "API Classes", "API Classes\API Classes.csproj", "{03A57855-DD72-42BD-9E5B-8FFFCDF7A290}"
EndProject
Global
	GlobalSection(SolutionConfigurationPlatforms) = preSolution
		Debug|Any CPU = Debug|Any CPU
		Release|Any CPU = Release|Any CPU
	EndGlobalSection
	GlobalSection(ProjectConfigurationPlatforms) = postSolution
		{8B38621E-107A-406A-B5C4-964D064EFAFA}.Debug|Any CPU.ActiveCfg = Debug|Any CPU
		{8B38621E-107A-406A-B5C4-964D064EFAFA}.Debug|Any CPU.Build.0 = Debug|Any CPU
		{8B38621E-107A-406A-B5C4-964D064EFAFA}.Release|Any CPU.ActiveCfg = Release|Any CPU
		{8B38621E-107A-406A-B5C4-964D064EFAFA}.Release|Any CPU.Build.0 = Release|Any CPU
		{3BA94CBA-CD59-46B7-AAD8-8270EF513102}.Debug|Any CPU.ActiveCfg = Debug|Any CPU
		{3BA94CBA-CD59-46B7-AAD8-8270EF513102}.Debug|Any CPU.Build.0 = Debug|Any CPU
		{3BA94CBA-CD59-46B7-AAD8-8270EF513102}.Release|Any CPU.ActiveCfg = Release|Any CPU
		{3BA94CBA-CD59-46B7-AAD8-8270EF513102}.Release|Any CPU.Build.0 = Release|Any CPU
		{03A57855-DD72-42BD-9E5B-8FFFCDF7A290}.Debug|Any CPU.ActiveCfg = Debug|Any CPU
		{03A57855-DD72-42BD-9E5B-8FFFCDF7A290}.Debug|Any CPU.Build.0 = Debug|Any CPU
		{03A57855-DD72-42BD-9E5B-8FFFCDF7A290}.Release|Any CPU.ActiveCfg = Release|Any CPU
		{03A57855-DD72-42BD-9E5B-8FFFCDF7A290}.Release|Any CPU.Build.0 = Release|Any CPU
	EndGlobalSection
	GlobalSection(SolutionProperties) = preSolution
		HideSolutionNode = FALSE
	EndGlobalSection
	GlobalSection(ExtensibilityGlobals) = postSolution
		SolutionGuid = {F8BDA400-7415-4B1E-86F6-8FEBB597E7F3}
	EndGlobalSection
EndGlobal
